{
  "name": "sntu-sgid-playground",
  "version": "1.0.0",
  "lockfileVersion": 3,
  "requires": true,
  "packages": {
    "": {
      "name": "sntu-sgid-playground",
      "version": "1.0.0",
      "license": "ISC",
      "dependencies": {
        "pkce-challenge": "^4.0.1"
      }
    },
    "node_modules/pkce-challenge": {
      "version": "4.0.1",
      "resolved": "https://registry.npmjs.org/pkce-challenge/-/pkce-challenge-4.0.1.tgz",
      "integrity": "sha512-WGmtS1stcStsvRwNXix3iR1ujFcDaJR+sEODRa2ZFruT0lM4lhPAFTL5SUpqD5vTJdRlgtuMQhcp1kIEJx4LUw==",
      "engines": {
        "node": ">=16.20.0"
      }
    }
  }
}
